
Microsoft Visual Studio Solution File, Format Version 12.00
# Visual Studio Version 16
VisualStudioVersion = 16.0.29403.142
MinimumVisualStudioVersion = 10.0.40219.1
Project("{FAE04EC0-301F-11D3-BF4B-00C04F79EFBC}") = "adonet5", "adonet5\adonet5.csproj", "{B4AD41E1-44EA-4857-93CE-18F65E4E568E}"
EndProject
Global
	GlobalSection(SolutionConfigurationPlatforms) = preSolution
		Debug|Any CPU = Debug|Any CPU
		Release|Any CPU = Release|Any CPU
	EndGlobalSection
	GlobalSection(ProjectConfigurationPlatforms) = postSolution
		{B4AD41E1-44EA-4857-93CE-18F65E4E568E}.Debug|Any CPU.ActiveCfg = Debug|Any CPU
		{B4AD41E1-44EA-4857-93CE-18F65E4E568E}.Debug|Any CPU.Build.0 = Debug|Any CPU
		{B4AD41E1-44EA-4857-93CE-18F65E4E568E}.Release|Any CPU.ActiveCfg = Release|Any CPU
		{B4AD41E1-44EA-4857-93CE-18F65E4E568E}.Release|Any CPU.Build.0 = Release|Any CPU
	EndGlobalSection
	GlobalSection(SolutionProperties) = preSolution
		HideSolutionNode = FALSE
	EndGlobalSection
	GlobalSection(ExtensibilityGlobals) = postSolution
		SolutionGuid = {BCE6BECB-3591-49B7-A2EC-00989E517C3D}
	EndGlobalSection
EndGlobal
